<?xml version="1.0" encoding="utf-8"?>
<Project ToolsVersion="4.0" xmlns="http://schemas.microsoft.com/developer/msbuild/2003">
  <ItemGroup>
    <Filter Include="Source Files">
      <UniqueIdentifier>{4FC737F1-C7A5-4376-A066-2A32D752A2FF}</UniqueIdentifier>
      <Extensions>cpp;c;cc;cxx;def;odl;idl;hpj;bat;asm;asmx</Extensions>
    </Filter>
    <Filter Include="Header Files">
      <UniqueIdentifier>{93995380-89BD-4b04-88EB-625FBE52EBFB}</UniqueIdentifier>
      <Extensions>h;hh;hpp;hxx;hm;inl;inc;xsd</Extensions>
    </Filter>
    <Filter Include="Resource Files">
      <UniqueIdentifier>{67DA6AB6-F800-4c08-8B7A-83BB121AAD01}</UniqueIdentifier>
      <Extensions>rc;ico;cur;bmp;dlg;rc2;rct;bin;rgs;gif;jpg;jpeg;jpe;resx;tiff;tif;png;wav;mfcribbon-ms</Extensions>
    </Filter>
    <Filter Include="pugiXML">
      <UniqueIdentifier>{ae34fc69-0b92-4b71-a99a-85a7f0c0d96d}</UniqueIdentifier>
    </Filter>
    <Filter Include="Header Files\GameObject">
      <UniqueIdentifier>{a85b097f-48e0-42b9-87ed-b0449e1bfa51}</UniqueIdentifier>
    </Filter>
    <Filter Include="Source Files\GameObject">
      <UniqueIdentifier>{fa8593a9-082a-4733-8749-a0c9d8f64af9}</UniqueIdentifier>
    </Filter>
    <Filter Include="Header Files\Utility">
      <UniqueIdentifier>{2dd89b75-1548-496e-be1a-823c733884ae}</UniqueIdentifier>
    </Filter>
    <Filter Include="Source Files\Utility">
      <UniqueIdentifier>{0b9db0c6-fea9-44d7-93bc-55d59f814eaf}</UniqueIdentifier>
    </Filter>
    <Filter Include="Header Files\Component">
      <UniqueIdentifier>{e27d5831-04a9-409a-84c9-c96342c253e0}</UniqueIdentifier>
    </Filter>
    <Filter Include="Source Files\Component">
      <UniqueIdentifier>{4dd83fab-42ea-4d0e-975a-e4b1b429096f}</UniqueIdentifier>
    </Filter>
  </ItemGroup>
  <ItemGroup>
    <ClCompile Include="main.cpp">
      <Filter>Source Files</Filter>
    </ClCompile>
    <ClCompile Include="DirectX.cpp">
      <Filter>Source Files</Filter>
    </ClCompile>
    <ClCompile Include="Sprite.cpp">
      <Filter>Source Files</Filter>
    </ClCompile>
    <ClCompile Include="pugixml-1.8\src\pugixml.cpp">
      <Filter>pugiXML</Filter>
    </ClCompile>
    <ClCompile Include="Controllable.cpp">
      <Filter>Source Files</Filter>
    </ClCompile>
    <ClCompile Include="GameScene.cpp">
      <Filter>Source Files</Filter>
    </ClCompile>
    <ClCompile Include="GameObject\GameObject.cpp">
      <Filter>Source Files\GameObject</Filter>
    </ClCompile>
    <ClCompile Include="Utility\TagMethod.cpp">
      <Filter>Source Files\Utility</Filter>
    </ClCompile>
    <ClCompile Include="Component\MoveComponent.cpp">
      <Filter>Source Files\Component</Filter>
    </ClCompile>
    <ClCompile Include="GameObject\Camera.cpp">
      <Filter>Source Files\GameObject</Filter>
    </ClCompile>
  </ItemGroup>
  <ItemGroup>
    <ClInclude Include="DirectX.h">
      <Filter>Header Files</Filter>
    </ClInclude>
    <ClInclude Include="Sprite.h">
      <Filter>Header Files</Filter>
    </ClInclude>
    <ClInclude Include="pugixml-1.8\src\pugixml.hpp">
      <Filter>pugiXML</Filter>
    </ClInclude>
    <ClInclude Include="Controllable.h">
      <Filter>Header Files</Filter>
    </ClInclude>
    <ClInclude Include="GameScene.h">
      <Filter>Header Files</Filter>
    </ClInclude>
    <ClInclude Include="GameObject\GameObject.h">
      <Filter>Header Files\GameObject</Filter>
    </ClInclude>
    <ClInclude Include="Utility\TagMethod.h">
      <Filter>Header Files\Utility</Filter>
    </ClInclude>
    <ClInclude Include="Component\MoveComponent.h">
      <Filter>Header Files\Component</Filter>
    </ClInclude>
    <ClInclude Include="GameObject\Camera.h">
      <Filter>Header Files\GameObject</Filter>
    </ClInclude>
  </ItemGroup>
</Project>